// !$*UTF8*$!
{
	archiveVersion = 1;
	classes = {
	};
	objectVersion = 56;
	objects = {

/* Begin PBXBuildFile section */
		C3B896CA2C7E1EF80021D9B9 /* ConteinersApp.swift in Sources */ = {isa = PBXBuildFile; fileRef = C3B896C92C7E1EF80021D9B9 /* ConteinersApp.swift */; };
		C3B896CC2C7E1EF80021D9B9 /* ContentView.swift in Sources */ = {isa = PBXBuildFile; fileRef = C3B896CB2C7E1EF80021D9B9 /* ContentView.swift */; };
		C3B896CE2C7E1EF80021D9B9 /* Item.swift in Sources */ = {isa = PBXBuildFile; fileRef = C3B896CD2C7E1EF80021D9B9 /* Item.swift */; };
		C3B896D02C7E1EFA0021D9B9 /* Assets.xcassets in Resources */ = {isa = PBXBuildFile; fileRef = C3B896CF2C7E1EFA0021D9B9 /* Assets.xcassets */; };
		C3B896D32C7E1EFA0021D9B9 /* Preview Assets.xcassets in Resources */ = {isa = PBXBuildFile; fileRef = C3B896D22C7E1EFA0021D9B9 /* Preview Assets.xcassets */; };
		C3B896DD2C7E1EFA0021D9B9 /* ConteinersTests.swift in Sources */ = {isa = PBXBuildFile; fileRef = C3B896DC2C7E1EFA0021D9B9 /* ConteinersTests.swift */; };
		C3B896E72C7E1EFA0021D9B9 /* ConteinersUITests.swift in Sources */ = {isa = PBXBuildFile; fileRef = C3B896E62C7E1EFA0021D9B9 /* ConteinersUITests.swift */; };
		C3B896E92C7E1EFA0021D9B9 /* ConteinersUITestsLaunchTests.swift in Sources */ = {isa = PBXBuildFile; fileRef = C3B896E82C7E1EFA0021D9B9 /* ConteinersUITestsLaunchTests.swift */; };
		C3B896F72C7E1F1C0021D9B9 /* AppContainer.swift in Sources */ = {isa = PBXBuildFile; fileRef = C3B896F62C7E1F1C0021D9B9 /* AppContainer.swift */; };
		C3B896FA2C7E1F380021D9B9 /* Service.swift in Sources */ = {isa = PBXBuildFile; fileRef = C3B896F92C7E1F380021D9B9 /* Service.swift */; };
		C3B896FC2C7E1F5E0021D9B9 /* DefaultNetworkService.swift in Sources */ = {isa = PBXBuildFile; fileRef = C3B896FB2C7E1F5E0021D9B9 /* DefaultNetworkService.swift */; };
		C3B896FE2C7E1F660021D9B9 /* DefaultDatabaseService.swift in Sources */ = {isa = PBXBuildFile; fileRef = C3B896FD2C7E1F660021D9B9 /* DefaultDatabaseService.swift */; };
		C3B897022C7E20200021D9B9 /* HomeViewModel.swift in Sources */ = {isa = PBXBuildFile; fileRef = C3B897012C7E20200021D9B9 /* HomeViewModel.swift */; };
/* End PBXBuildFile section */

/* Begin PBXContainerItemProxy section */
		C3B896D92C7E1EFA0021D9B9 /* PBXContainerItemProxy */ = {
			isa = PBXContainerItemProxy;
			containerPortal = C3B896BE2C7E1EF80021D9B9 /* Project object */;
			proxyType = 1;
			remoteGlobalIDString = C3B896C52C7E1EF80021D9B9;
			remoteInfo = Conteiners;
		};
		C3B896E32C7E1EFA0021D9B9 /* PBXContainerItemProxy */ = {
			isa = PBXContainerItemProxy;
			containerPortal = C3B896BE2C7E1EF80021D9B9 /* Project object */;
			proxyType = 1;
			remoteGlobalIDString = C3B896C52C7E1EF80021D9B9;
			remoteInfo = Conteiners;
		};
/* End PBXContainerItemProxy section */

/* Begin PBXFileReference section */
		C3B896C62C7E1EF80021D9B9 /* Conteiners.app */ = {isa = PBXFileReference; explicitFileType = wrapper.application; includeInIndex = 0; path = Conteiners.app; sourceTree = BUILT_PRODUCTS_DIR; };
		C3B896C92C7E1EF80021D9B9 /* ConteinersApp.swift */ = {isa = PBXFileReference; lastKnownFileType = sourcecode.swift; path = ConteinersApp.swift; sourceTree = "<group>"; };
		C3B896CB2C7E1EF80021D9B9 /* ContentView.swift */ = {isa = PBXFileReference; lastKnownFileType = sourcecode.swift; path = ContentView.swift; sourceTree = "<group>"; };
		C3B896CD2C7E1EF80021D9B9 /* Item.swift */ = {isa = PBXFileReference; lastKnownFileType = sourcecode.swift; path = Item.swift; sourceTree = "<group>"; };
		C3B896CF2C7E1EFA0021D9B9 /* Assets.xcassets */ = {isa = PBXFileReference; lastKnownFileType = folder.assetcatalog; path = Assets.xcassets; sourceTree = "<group>"; };
		C3B896D22C7E1EFA0021D9B9 /* Preview Assets.xcassets */ = {isa = PBXFileReference; lastKnownFileType = folder.assetcatalog; path = "Preview Assets.xcassets"; sourceTree = "<group>"; };
		C3B896D82C7E1EFA0021D9B9 /* ConteinersTests.xctest */ = {isa = PBXFileReference; explicitFileType = wrapper.cfbundle; includeInIndex = 0; path = ConteinersTests.xctest; sourceTree = BUILT_PRODUCTS_DIR; };
		C3B896DC2C7E1EFA0021D9B9 /* ConteinersTests.swift */ = {isa = PBXFileReference; lastKnownFileType = sourcecode.swift; path = ConteinersTests.swift; sourceTree = "<group>"; };
		C3B896E22C7E1EFA0021D9B9 /* ConteinersUITests.xctest */ = {isa = PBXFileReference; explicitFileType = wrapper.cfbundle; includeInIndex = 0; path = ConteinersUITests.xctest; sourceTree = BUILT_PRODUCTS_DIR; };
		C3B896E62C7E1EFA0021D9B9 /* ConteinersUITests.swift */ = {isa = PBXFileReference; lastKnownFileType = sourcecode.swift; path = ConteinersUITests.swift; sourceTree = "<group>"; };
		C3B896E82C7E1EFA0021D9B9 /* ConteinersUITestsLaunchTests.swift */ = {isa = PBXFileReference; lastKnownFileType = sourcecode.swift; path = ConteinersUITestsLaunchTests.swift; sourceTree = "<group>"; };
		C3B896F62C7E1F1C0021D9B9 /* AppContainer.swift */ = {isa = PBXFileReference; lastKnownFileType = sourcecode.swift; path = AppContainer.swift; sourceTree = "<group>"; };
		C3B896F92C7E1F380021D9B9 /* Service.swift */ = {isa = PBXFileReference; lastKnownFileType = sourcecode.swift; path = Service.swift; sourceTree = "<group>"; };
		C3B896FB2C7E1F5E0021D9B9 /* DefaultNetworkService.swift */ = {isa = PBXFileReference; lastKnownFileType = sourcecode.swift; path = DefaultNetworkService.swift; sourceTree = "<group>"; };
		C3B896FD2C7E1F660021D9B9 /* DefaultDatabaseService.swift */ = {isa = PBXFileReference; lastKnownFileType = sourcecode.swift; path = DefaultDatabaseService.swift; sourceTree = "<group>"; };
		C3B897012C7E20200021D9B9 /* HomeViewModel.swift */ = {isa = PBXFileReference; lastKnownFileType = sourcecode.swift; path = HomeViewModel.swift; sourceTree = "<group>"; };
/* End PBXFileReference section */

/* Begin PBXFrameworksBuildPhase section */
		C3B896C32C7E1EF80021D9B9 /* Frameworks */ = {
			isa = PBXFrameworksBuildPhase;
			buildActionMask = 2147483647;
			files = (
			);
			runOnlyForDeploymentPostprocessing = 0;
		};
		C3B896D52C7E1EFA0021D9B9 /* Frameworks */ = {
			isa = PBXFrameworksBuildPhase;
			buildActionMask = 2147483647;
			files = (
			);
			runOnlyForDeploymentPostprocessing = 0;
		};
		C3B896DF2C7E1EFA0021D9B9 /* Frameworks */ = {
			isa = PBXFrameworksBuildPhase;
			buildActionMask = 2147483647;
			files = (
			);
			runOnlyForDeploymentPostprocessing = 0;
		};
/* End PBXFrameworksBuildPhase section */

/* Begin PBXGroup section */
		C3B896BD2C7E1EF80021D9B9 = {
			isa = PBXGroup;
			children = (
				C3B896F52C7E1F020021D9B9 /* IoC */,
				C3B896C82C7E1EF80021D9B9 /* Conteiners */,
				C3B896DB2C7E1EFA0021D9B9 /* ConteinersTests */,
				C3B896E52C7E1EFA0021D9B9 /* ConteinersUITests */,
				C3B896C72C7E1EF80021D9B9 /* Products */,
			);
			sourceTree = "<group>";
		};
		C3B896C72C7E1EF80021D9B9 /* Products */ = {
			isa = PBXGroup;
			children = (
				C3B896C62C7E1EF80021D9B9 /* Conteiners.app */,
				C3B896D82C7E1EFA0021D9B9 /* ConteinersTests.xctest */,
				C3B896E22C7E1EFA0021D9B9 /* ConteinersUITests.xctest */,
			);
			name = Products;
			sourceTree = "<group>";
		};
		C3B896C82C7E1EF80021D9B9 /* Conteiners */ = {
			isa = PBXGroup;
			children = (
				C3B896FF2C7E20090021D9B9 /* Screens */,
				C3B896C92C7E1EF80021D9B9 /* ConteinersApp.swift */,
				C3B896CB2C7E1EF80021D9B9 /* ContentView.swift */,
				C3B896CD2C7E1EF80021D9B9 /* Item.swift */,
				C3B896CF2C7E1EFA0021D9B9 /* Assets.xcassets */,
				C3B896D12C7E1EFA0021D9B9 /* Preview Content */,
			);
			path = Conteiners;
			sourceTree = "<group>";
		};
		C3B896D12C7E1EFA0021D9B9 /* Preview Content */ = {
			isa = PBXGroup;
			children = (
				C3B896D22C7E1EFA0021D9B9 /* Preview Assets.xcassets */,
			);
			path = "Preview Content";
			sourceTree = "<group>";
		};
		C3B896DB2C7E1EFA0021D9B9 /* ConteinersTests */ = {
			isa = PBXGroup;
			children = (
				C3B896DC2C7E1EFA0021D9B9 /* ConteinersTests.swift */,
			);
			path = ConteinersTests;
			sourceTree = "<group>";
		};
		C3B896E52C7E1EFA0021D9B9 /* ConteinersUITests */ = {
			isa = PBXGroup;
			children = (
				C3B896E62C7E1EFA0021D9B9 /* ConteinersUITests.swift */,
				C3B896E82C7E1EFA0021D9B9 /* ConteinersUITestsLaunchTests.swift */,
			);
			path = ConteinersUITests;
			sourceTree = "<group>";
		};
		C3B896F52C7E1F020021D9B9 /* IoC */ = {
			isa = PBXGroup;
			children = (
				C3B896F82C7E1F300021D9B9 /* Services */,
				C3B896F62C7E1F1C0021D9B9 /* AppContainer.swift */,
			);
			path = IoC;
			sourceTree = "<group>";
		};
		C3B896F82C7E1F300021D9B9 /* Services */ = {
			isa = PBXGroup;
			children = (
				C3B896F92C7E1F380021D9B9 /* Service.swift */,
				C3B896FB2C7E1F5E0021D9B9 /* DefaultNetworkService.swift */,
				C3B896FD2C7E1F660021D9B9 /* DefaultDatabaseService.swift */,
			);
			path = Services;
			sourceTree = "<group>";
		};
		C3B896FF2C7E20090021D9B9 /* Screens */ = {
			isa = PBXGroup;
			children = (
				C3B897002C7E20110021D9B9 /* Home View */,
			);
			path = Screens;
			sourceTree = "<group>";
		};
		C3B897002C7E20110021D9B9 /* Home View */ = {
			isa = PBXGroup;
			children = (
				C3B897012C7E20200021D9B9 /* HomeViewModel.swift */,
			);
			path = "Home View";
			sourceTree = "<group>";
		};
/* End PBXGroup section */

/* Begin PBXNativeTarget section */
		C3B896C52C7E1EF80021D9B9 /* Conteiners */ = {
			isa = PBXNativeTarget;
			buildConfigurationList = C3B896EC2C7E1EFA0021D9B9 /* Build configuration list for PBXNativeTarget "Conteiners" */;
			buildPhases = (
				C3B896C22C7E1EF80021D9B9 /* Sources */,
				C3B896C32C7E1EF80021D9B9 /* Frameworks */,
				C3B896C42C7E1EF80021D9B9 /* Resources */,
			);
			buildRules = (
			);
			dependencies = (
			);
			name = Conteiners;
			productName = Conteiners;
			productReference = C3B896C62C7E1EF80021D9B9 /* Conteiners.app */;
			productType = "com.apple.product-type.application";
		};
		C3B896D72C7E1EFA0021D9B9 /* ConteinersTests */ = {
			isa = PBXNativeTarget;
			buildConfigurationList = C3B896EF2C7E1EFA0021D9B9 /* Build configuration list for PBXNativeTarget "ConteinersTests" */;
			buildPhases = (
				C3B896D42C7E1EFA0021D9B9 /* Sources */,
				C3B896D52C7E1EFA0021D9B9 /* Frameworks */,
				C3B896D62C7E1EFA0021D9B9 /* Resources */,
			);
			buildRules = (
			);
			dependencies = (
				C3B896DA2C7E1EFA0021D9B9 /* PBXTargetDependency */,
			);
			name = ConteinersTests;
			productName = ConteinersTests;
			productReference = C3B896D82C7E1EFA0021D9B9 /* ConteinersTests.xctest */;
			productType = "com.apple.product-type.bundle.unit-test";
		};
		C3B896E12C7E1EFA0021D9B9 /* ConteinersUITests */ = {
			isa = PBXNativeTarget;
			buildConfigurationList = C3B896F22C7E1EFA0021D9B9 /* Build configuration list for PBXNativeTarget "ConteinersUITests" */;
			buildPhases = (
				C3B896DE2C7E1EFA0021D9B9 /* Sources */,
				C3B896DF2C7E1EFA0021D9B9 /* Frameworks */,
				C3B896E02C7E1EFA0021D9B9 /* Resources */,
			);
			buildRules = (
			);
			dependencies = (
				C3B896E42C7E1EFA0021D9B9 /* PBXTargetDependency */,
			);
			name = ConteinersUITests;
			productName = ConteinersUITests;
			productReference = C3B896E22C7E1EFA0021D9B9 /* ConteinersUITests.xctest */;
			productType = "com.apple.product-type.bundle.ui-testing";
		};
/* End PBXNativeTarget section */

/* Begin PBXProject section */
		C3B896BE2C7E1EF80021D9B9 /* Project object */ = {
			isa = PBXProject;
			attributes = {
				BuildIndependentTargetsInParallel = 1;
				LastSwiftUpdateCheck = 1540;
				LastUpgradeCheck = 1540;
				TargetAttributes = {
					C3B896C52C7E1EF80021D9B9 = {
						CreatedOnToolsVersion = 15.4;
					};
					C3B896D72C7E1EFA0021D9B9 = {
						CreatedOnToolsVersion = 15.4;
						TestTargetID = C3B896C52C7E1EF80021D9B9;
					};
					C3B896E12C7E1EFA0021D9B9 = {
						CreatedOnToolsVersion = 15.4;
						TestTargetID = C3B896C52C7E1EF80021D9B9;
					};
				};
			};
			buildConfigurationList = C3B896C12C7E1EF80021D9B9 /* Build configuration list for PBXProject "Conteiners" */;
			compatibilityVersion = "Xcode 14.0";
			developmentRegion = en;
			hasScannedForEncodings = 0;
			knownRegions = (
				en,
				Base,
			);
			mainGroup = C3B896BD2C7E1EF80021D9B9;
			productRefGroup = C3B896C72C7E1EF80021D9B9 /* Products */;
			projectDirPath = "";
			projectRoot = "";
			targets = (
				C3B896C52C7E1EF80021D9B9 /* Conteiners */,
				C3B896D72C7E1EFA0021D9B9 /* ConteinersTests */,
				C3B896E12C7E1EFA0021D9B9 /* ConteinersUITests */,
			);
		};
/* End PBXProject section */

/* Begin PBXResourcesBuildPhase section */
		C3B896C42C7E1EF80021D9B9 /* Resources */ = {
			isa = PBXResourcesBuildPhase;
			buildActionMask = 2147483647;
			files = (
				C3B896D32C7E1EFA0021D9B9 /* Preview Assets.xcassets in Resources */,
				C3B896D02C7E1EFA0021D9B9 /* Assets.xcassets in Resources */,
			);
			runOnlyForDeploymentPostprocessing = 0;
		};
		C3B896D62C7E1EFA0021D9B9 /* Resources */ = {
			isa = PBXResourcesBuildPhase;
			buildActionMask = 2147483647;
			files = (
			);
			runOnlyForDeploymentPostprocessing = 0;
		};
		C3B896E02C7E1EFA0021D9B9 /* Resources */ = {
			isa = PBXResourcesBuildPhase;
			buildActionMask = 2147483647;
			files = (
			);
			runOnlyForDeploymentPostprocessing = 0;
		};
/* End PBXResourcesBuildPhase section */

/* Begin PBXSourcesBuildPhase section */
		C3B896C22C7E1EF80021D9B9 /* Sources */ = {
			isa = PBXSourcesBuildPhase;
			buildActionMask = 2147483647;
			files = (
				C3B896CC2C7E1EF80021D9B9 /* ContentView.swift in Sources */,
				C3B896F72C7E1F1C0021D9B9 /* AppContainer.swift in Sources */,
				C3B896FC2C7E1F5E0021D9B9 /* DefaultNetworkService.swift in Sources */,
				C3B897022C7E20200021D9B9 /* HomeViewModel.swift in Sources */,
				C3B896FA2C7E1F380021D9B9 /* Service.swift in Sources */,
				C3B896CE2C7E1EF80021D9B9 /* Item.swift in Sources */,
				C3B896CA2C7E1EF80021D9B9 /* ConteinersApp.swift in Sources */,
				C3B896FE2C7E1F660021D9B9 /* DefaultDatabaseService.swift in Sources */,
			);
			runOnlyForDeploymentPostprocessing = 0;
		};
		C3B896D42C7E1EFA0021D9B9 /* Sources */ = {
			isa = PBXSourcesBuildPhase;
			buildActionMask = 2147483647;
			files = (
				C3B896DD2C7E1EFA0021D9B9 /* ConteinersTests.swift in Sources */,
			);
			runOnlyForDeploymentPostprocessing = 0;
		};
		C3B896DE2C7E1EFA0021D9B9 /* Sources */ = {
			isa = PBXSourcesBuildPhase;
			buildActionMask = 2147483647;
			files = (
				C3B896E92C7E1EFA0021D9B9 /* ConteinersUITestsLaunchTests.swift in Sources */,
				C3B896E72C7E1EFA0021D9B9 /* ConteinersUITests.swift in Sources */,
			);
			runOnlyForDeploymentPostprocessing = 0;
		};
/* End PBXSourcesBuildPhase section */

/* Begin PBXTargetDependency section */
		C3B896DA2C7E1EFA0021D9B9 /* PBXTargetDependency */ = {
			isa = PBXTargetDependency;
			target = C3B896C52C7E1EF80021D9B9 /* Conteiners */;
			targetProxy = C3B896D92C7E1EFA0021D9B9 /* PBXContainerItemProxy */;
		};
		C3B896E42C7E1EFA0021D9B9 /* PBXTargetDependency */ = {
			isa = PBXTargetDependency;
			target = C3B896C52C7E1EF80021D9B9 /* Conteiners */;
			targetProxy = C3B896E32C7E1EFA0021D9B9 /* PBXContainerItemProxy */;
		};
/* End PBXTargetDependency section */

/* Begin XCBuildConfiguration section */
		C3B896EA2C7E1EFA0021D9B9 /* Debug */ = {
			isa = XCBuildConfiguration;
			buildSettings = {
				ALWAYS_SEARCH_USER_PATHS = NO;
				ASSETCATALOG_COMPILER_GENERATE_SWIFT_ASSET_SYMBOL_EXTENSIONS = YES;
				CLANG_ANALYZER_NONNULL = YES;
				CLANG_ANALYZER_NUMBER_OBJECT_CONVERSION = YES_AGGRESSIVE;
				CLANG_CXX_LANGUAGE_STANDARD = "gnu++20";
				CLANG_ENABLE_MODULES = YES;
				CLANG_ENABLE_OBJC_ARC = YES;
				CLANG_ENABLE_OBJC_WEAK = YES;
				CLANG_WARN_BLOCK_CAPTURE_AUTORELEASING = YES;
				CLANG_WARN_BOOL_CONVERSION = YES;
				CLANG_WARN_COMMA = YES;
				CLANG_WARN_CONSTANT_CONVERSION = YES;
				CLANG_WARN_DEPRECATED_OBJC_IMPLEMENTATIONS = YES;
				CLANG_WARN_DIRECT_OBJC_ISA_USAGE = YES_ERROR;
				CLANG_WARN_DOCUMENTATION_COMMENTS = YES;
				CLANG_WARN_EMPTY_BODY = YES;
				CLANG_WARN_ENUM_CONVERSION = YES;
				CLANG_WARN_INFINITE_RECURSION = YES;
				CLANG_WARN_INT_CONVERSION = YES;
				CLANG_WARN_NON_LITERAL_NULL_CONVERSION = YES;
				CLANG_WARN_OBJC_IMPLICIT_RETAIN_SELF = YES;
				CLANG_WARN_OBJC_LITERAL_CONVERSION = YES;
				CLANG_WARN_OBJC_ROOT_CLASS = YES_ERROR;
				CLANG_WARN_QUOTED_INCLUDE_IN_FRAMEWORK_HEADER = YES;
				CLANG_WARN_RANGE_LOOP_ANALYSIS = YES;
				CLANG_WARN_STRICT_PROTOTYPES = YES;
				CLANG_WARN_SUSPICIOUS_MOVE = YES;
				CLANG_WARN_UNGUARDED_AVAILABILITY = YES_AGGRESSIVE;
				CLANG_WARN_UNREACHABLE_CODE = YES;
				CLANG_WARN__DUPLICATE_METHOD_MATCH = YES;
				COPY_PHASE_STRIP = NO;
				DEBUG_INFORMATION_FORMAT = dwarf;
				ENABLE_STRICT_OBJC_MSGSEND = YES;
				ENABLE_TESTABILITY = YES;
				ENABLE_USER_SCRIPT_SANDBOXING = YES;
				GCC_C_LANGUAGE_STANDARD = gnu17;
				GCC_DYNAMIC_NO_PIC = NO;
				GCC_NO_COMMON_BLOCKS = YES;
				GCC_OPTIMIZATION_LEVEL = 0;
				GCC_PREPROCESSOR_DEFINITIONS = (
					"DEBUG=1",
					"$(inherited)",
				);
				GCC_WARN_64_TO_32_BIT_CONVERSION = YES;
				GCC_WARN_ABOUT_RETURN_TYPE = YES_ERROR;
				GCC_WARN_UNDECLARED_SELECTOR = YES;
				GCC_WARN_UNINITIALIZED_AUTOS = YES_AGGRESSIVE;
				GCC_WARN_UNUSED_FUNCTION = YES;
				GCC_WARN_UNUSED_VARIABLE = YES;
				IPHONEOS_DEPLOYMENT_TARGET = 17.5;
				LOCALIZATION_PREFERS_STRING_CATALOGS = YES;
				MTL_ENABLE_DEBUG_INFO = INCLUDE_SOURCE;
				MTL_FAST_MATH = YES;
				ONLY_ACTIVE_ARCH = YES;
				SDKROOT = iphoneos;
				SWIFT_ACTIVE_COMPILATION_CONDITIONS = "DEBUG $(inherited)";
				SWIFT_OPTIMIZATION_LEVEL = "-Onone";
			};
			name = Debug;
		};
		C3B896EB2C7E1EFA0021D9B9 /* Release */ = {
			isa = XCBuildConfiguration;
			buildSettings = {
				ALWAYS_SEARCH_USER_PATHS = NO;
				ASSETCATALOG_COMPILER_GENERATE_SWIFT_ASSET_SYMBOL_EXTENSIONS = YES;
				CLANG_ANALYZER_NONNULL = YES;
				CLANG_ANALYZER_NUMBER_OBJECT_CONVERSION = YES_AGGRESSIVE;
				CLANG_CXX_LANGUAGE_STANDARD = "gnu++20";
				CLANG_ENABLE_MODULES = YES;
				CLANG_ENABLE_OBJC_ARC = YES;
				CLANG_ENABLE_OBJC_WEAK = YES;
				CLANG_WARN_BLOCK_CAPTURE_AUTORELEASING = YES;
				CLANG_WARN_BOOL_CONVERSION = YES;
				CLANG_WARN_COMMA = YES;
				CLANG_WARN_CONSTANT_CONVERSION = YES;
				CLANG_WARN_DEPRECATED_OBJC_IMPLEMENTATIONS = YES;
				CLANG_WARN_DIRECT_OBJC_ISA_USAGE = YES_ERROR;
				CLANG_WARN_DOCUMENTATION_COMMENTS = YES;
				CLANG_WARN_EMPTY_BODY = YES;
				CLANG_WARN_ENUM_CONVERSION = YES;
				CLANG_WARN_INFINITE_RECURSION = YES;
				CLANG_WARN_INT_CONVERSION = YES;
				CLANG_WARN_NON_LITERAL_NULL_CONVERSION = YES;
				CLANG_WARN_OBJC_IMPLICIT_RETAIN_SELF = YES;
				CLANG_WARN_OBJC_LITERAL_CONVERSION = YES;
				CLANG_WARN_OBJC_ROOT_CLASS = YES_ERROR;
				CLANG_WARN_QUOTED_INCLUDE_IN_FRAMEWORK_HEADER = YES;
				CLANG_WARN_RANGE_LOOP_ANALYSIS = YES;
				CLANG_WARN_STRICT_PROTOTYPES = YES;
				CLANG_WARN_SUSPICIOUS_MOVE = YES;
				CLANG_WARN_UNGUARDED_AVAILABILITY = YES_AGGRESSIVE;
				CLANG_WARN_UNREACHABLE_CODE = YES;
				CLANG_WARN__DUPLICATE_METHOD_MATCH = YES;
				COPY_PHASE_STRIP = NO;
				DEBUG_INFORMATION_FORMAT = "dwarf-with-dsym";
				ENABLE_NS_ASSERTIONS = NO;
				ENABLE_STRICT_OBJC_MSGSEND = YES;
				ENABLE_USER_SCRIPT_SANDBOXING = YES;
				GCC_C_LANGUAGE_STANDARD = gnu17;
				GCC_NO_COMMON_BLOCKS = YES;
				GCC_WARN_64_TO_32_BIT_CONVERSION = YES;
				GCC_WARN_ABOUT_RETURN_TYPE = YES_ERROR;
				GCC_WARN_UNDECLARED_SELECTOR = YES;
				GCC_WARN_UNINITIALIZED_AUTOS = YES_AGGRESSIVE;
				GCC_WARN_UNUSED_FUNCTION = YES;
				GCC_WARN_UNUSED_VARIABLE = YES;
				IPHONEOS_DEPLOYMENT_TARGET = 17.5;
				LOCALIZATION_PREFERS_STRING_CATALOGS = YES;
				MTL_ENABLE_DEBUG_INFO = NO;
				MTL_FAST_MATH = YES;
				SDKROOT = iphoneos;
				SWIFT_COMPILATION_MODE = wholemodule;
				VALIDATE_PRODUCT = YES;
			};
			name = Release;
		};
		C3B896ED2C7E1EFA0021D9B9 /* Debug */ = {
			isa = XCBuildConfiguration;
			buildSettings = {
				ASSETCATALOG_COMPILER_APPICON_NAME = AppIcon;
				ASSETCATALOG_COMPILER_GLOBAL_ACCENT_COLOR_NAME = AccentColor;
				CODE_SIGN_STYLE = Automatic;
				CURRENT_PROJECT_VERSION = 1;
				DEVELOPMENT_ASSET_PATHS = "\"Conteiners/Preview Content\"";
				ENABLE_PREVIEWS = YES;
				GENERATE_INFOPLIST_FILE = YES;
				INFOPLIST_KEY_UIApplicationSceneManifest_Generation = YES;
				INFOPLIST_KEY_UIApplicationSupportsIndirectInputEvents = YES;
				INFOPLIST_KEY_UILaunchScreen_Generation = YES;
				INFOPLIST_KEY_UISupportedInterfaceOrientations_iPad = "UIInterfaceOrientationPortrait UIInterfaceOrientationPortraitUpsideDown UIInterfaceOrientationLandscapeLeft UIInterfaceOrientationLandscapeRight";
				INFOPLIST_KEY_UISupportedInterfaceOrientations_iPhone = "UIInterfaceOrientationPortrait UIInterfaceOrientationLandscapeLeft UIInterfaceOrientationLandscapeRight";
				LD_RUNPATH_SEARCH_PATHS = (
					"$(inherited)",
					"@executable_path/Frameworks",
				);
				MARKETING_VERSION = 1.0;
				PRODUCT_BUNDLE_IDENTIFIER = Sb.Conteiners;
				PRODUCT_NAME = "$(TARGET_NAME)";
				SWIFT_EMIT_LOC_STRINGS = YES;
				SWIFT_VERSION = 5.0;
				TARGETED_DEVICE_FAMILY = "1,2";
			};
			name = Debug;
		};
		C3B896EE2C7E1EFA0021D9B9 /* Release */ = {
			isa = XCBuildConfiguration;
			buildSettings = {
				ASSETCATALOG_COMPILER_APPICON_NAME = AppIcon;
				ASSETCATALOG_COMPILER_GLOBAL_ACCENT_COLOR_NAME = AccentColor;
				CODE_SIGN_STYLE = Automatic;
				CURRENT_PROJECT_VERSION = 1;
				DEVELOPMENT_ASSET_PATHS = "\"Conteiners/Preview Content\"";
				ENABLE_PREVIEWS = YES;
				GENERATE_INFOPLIST_FILE = YES;
				INFOPLIST_KEY_UIApplicationSceneManifest_Generation = YES;
				INFOPLIST_KEY_UIApplicationSupportsIndirectInputEvents = YES;
				INFOPLIST_KEY_UILaunchScreen_Generation = YES;
				INFOPLIST_KEY_UISupportedInterfaceOrientations_iPad = "UIInterfaceOrientationPortrait UIInterfaceOrientationPortraitUpsideDown UIInterfaceOrientationLandscapeLeft UIInterfaceOrientationLandscapeRight";
				INFOPLIST_KEY_UISupportedInterfaceOrientations_iPhone = "UIInterfaceOrientationPortrait UIInterfaceOrientationLandscapeLeft UIInterfaceOrientationLandscapeRight";
				LD_RUNPATH_SEARCH_PATHS = (
					"$(inherited)",
					"@executable_path/Frameworks",
				);
				MARKETING_VERSION = 1.0;
				PRODUCT_BUNDLE_IDENTIFIER = Sb.Conteiners;
				PRODUCT_NAME = "$(TARGET_NAME)";
				SWIFT_EMIT_LOC_STRINGS = YES;
				SWIFT_VERSION = 5.0;
				TARGETED_DEVICE_FAMILY = "1,2";
			};
			name = Release;
		};
		C3B896F02C7E1EFA0021D9B9 /* Debug */ = {
			isa = XCBuildConfiguration;
			buildSettings = {
				ALWAYS_EMBED_SWIFT_STANDARD_LIBRARIES = YES;
				BUNDLE_LOADER = "$(TEST_HOST)";
				CODE_SIGN_STYLE = Automatic;
				CURRENT_PROJECT_VERSION = 1;
				GENERATE_INFOPLIST_FILE = YES;
				IPHONEOS_DEPLOYMENT_TARGET = 17.5;
				MARKETING_VERSION = 1.0;
				PRODUCT_BUNDLE_IDENTIFIER = Sb.ConteinersTests;
				PRODUCT_NAME = "$(TARGET_NAME)";
				SWIFT_EMIT_LOC_STRINGS = NO;
				SWIFT_VERSION = 5.0;
				TARGETED_DEVICE_FAMILY = "1,2";
				TEST_HOST = "$(BUILT_PRODUCTS_DIR)/Conteiners.app/$(BUNDLE_EXECUTABLE_FOLDER_PATH)/Conteiners";
			};
			name = Debug;
		};
		C3B896F12C7E1EFA0021D9B9 /* Release */ = {
			isa = XCBuildConfiguration;
			buildSettings = {
				ALWAYS_EMBED_SWIFT_STANDARD_LIBRARIES = YES;
				BUNDLE_LOADER = "$(TEST_HOST)";
				CODE_SIGN_STYLE = Automatic;
				CURRENT_PROJECT_VERSION = 1;
				GENERATE_INFOPLIST_FILE = YES;
				IPHONEOS_DEPLOYMENT_TARGET = 17.5;
				MARKETING_VERSION = 1.0;
				PRODUCT_BUNDLE_IDENTIFIER = Sb.ConteinersTests;
				PRODUCT_NAME = "$(TARGET_NAME)";
				SWIFT_EMIT_LOC_STRINGS = NO;
				SWIFT_VERSION = 5.0;
				TARGETED_DEVICE_FAMILY = "1,2";
				TEST_HOST = "$(BUILT_PRODUCTS_DIR)/Conteiners.app/$(BUNDLE_EXECUTABLE_FOLDER_PATH)/Conteiners";
			};
			name = Release;
		};
		C3B896F32C7E1EFA0021D9B9 /* Debug */ = {
			isa = XCBuildConfiguration;
			buildSettings = {
				ALWAYS_EMBED_SWIFT_STANDARD_LIBRARIES = YES;
				CODE_SIGN_STYLE = Automatic;
				CURRENT_PROJECT_VERSION = 1;
				GENERATE_INFOPLIST_FILE = YES;
				MARKETING_VERSION = 1.0;
				PRODUCT_BUNDLE_IDENTIFIER = Sb.ConteinersUITests;
				PRODUCT_NAME = "$(TARGET_NAME)";
				SWIFT_EMIT_LOC_STRINGS = NO;
				SWIFT_VERSION = 5.0;
				TARGETED_DEVICE_FAMILY = "1,2";
				TEST_TARGET_NAME = Conteiners;
			};
			name = Debug;
		};
		C3B896F42C7E1EFA0021D9B9 /* Release */ = {
			isa = XCBuildConfiguration;
			buildSettings = {
				ALWAYS_EMBED_SWIFT_STANDARD_LIBRARIES = YES;
				CODE_SIGN_STYLE = Automatic;
				CURRENT_PROJECT_VERSION = 1;
				GENERATE_INFOPLIST_FILE = YES;
				MARKETING_VERSION = 1.0;
				PRODUCT_BUNDLE_IDENTIFIER = Sb.ConteinersUITests;
				PRODUCT_NAME = "$(TARGET_NAME)";
				SWIFT_EMIT_LOC_STRINGS = NO;
				SWIFT_VERSION = 5.0;
				TARGETED_DEVICE_FAMILY = "1,2";
				TEST_TARGET_NAME = Conteiners;
			};
			name = Release;
		};
/* End XCBuildConfiguration section */

/* Begin XCConfigurationList section */
		C3B896C12C7E1EF80021D9B9 /* Build configuration list for PBXProject "Conteiners" */ = {
			isa = XCConfigurationList;
			buildConfigurations = (
				C3B896EA2C7E1EFA0021D9B9 /* Debug */,
				C3B896EB2C7E1EFA0021D9B9 /* Release */,
			);
			defaultConfigurationIsVisible = 0;
			defaultConfigurationName = Release;
		};
		C3B896EC2C7E1EFA0021D9B9 /* Build configuration list for PBXNativeTarget "Conteiners" */ = {
			isa = XCConfigurationList;
			buildConfigurations = (
				C3B896ED2C7E1EFA0021D9B9 /* Debug */,
				C3B896EE2C7E1EFA0021D9B9 /* Release */,
			);
			defaultConfigurationIsVisible = 0;
			defaultConfigurationName = Release;
		};
		C3B896EF2C7E1EFA0021D9B9 /* Build configuration list for PBXNativeTarget "ConteinersTests" */ = {
			isa = XCConfigurationList;
			buildConfigurations = (
				C3B896F02C7E1EFA0021D9B9 /* Debug */,
				C3B896F12C7E1EFA0021D9B9 /* Release */,
			);
			defaultConfigurationIsVisible = 0;
			defaultConfigurationName = Release;
		};
		C3B896F22C7E1EFA0021D9B9 /* Build configuration list for PBXNativeTarget "ConteinersUITests" */ = {
			isa = XCConfigurationList;
			buildConfigurations = (
				C3B896F32C7E1EFA0021D9B9 /* Debug */,
				C3B896F42C7E1EFA0021D9B9 /* Release */,
			);
			defaultConfigurationIsVisible = 0;
			defaultConfigurationName = Release;
		};
/* End XCConfigurationList section */
	};
	rootObject = C3B896BE2C7E1EF80021D9B9 /* Project object */;
}
